// !$*UTF8*$!
{
	archiveVersion = 1;
	classes = {
	};
	objectVersion = 46;
	objects = {

/* Begin PBXBuildFile section */
		DEAF15A71BEB3694003BA48B /* main.m in Sources */ = {isa = PBXBuildFile; fileRef = DEAF15A61BEB3694003BA48B /* main.m */; };
		DEAF15AA1BEB3694003BA48B /* AppDelegate.m in Sources */ = {isa = PBXBuildFile; fileRef = DEAF15A91BEB3694003BA48B /* AppDelegate.m */; };
		DEAF15AD1BEB3694003BA48B /* ViewController.m in Sources */ = {isa = PBXBuildFile; fileRef = DEAF15AC1BEB3694003BA48B /* ViewController.m */; };
		DEAF15B01BEB3694003BA48B /* Main.storyboard in Resources */ = {isa = PBXBuildFile; fileRef = DEAF15AE1BEB3694003BA48B /* Main.storyboard */; };
		DEAF15B21BEB3694003BA48B /* Assets.xcassets in Resources */ = {isa = PBXBuildFile; fileRef = DEAF15B11BEB3694003BA48B /* Assets.xcassets */; };
		DEAF15B51BEB3694003BA48B /* LaunchScreen.storyboard in Resources */ = {isa = PBXBuildFile; fileRef = DEAF15B31BEB3694003BA48B /* LaunchScreen.storyboard */; };
/* End PBXBuildFile section */

/* Begin PBXFileReference section */
		DEAF15A21BEB3694003BA48B /* 期末考.app */ = {isa = PBXFileReference; explicitFileType = wrapper.application; includeInIndex = 0; path = "期末考.app"; sourceTree = BUILT_PRODUCTS_DIR; };
		DEAF15A61BEB3694003BA48B /* main.m */ = {isa = PBXFileReference; lastKnownFileType = sourcecode.c.objc; path = main.m; sourceTree = "<group>"; };
		DEAF15A81BEB3694003BA48B /* AppDelegate.h */ = {isa = PBXFileReference; lastKnownFileType = sourcecode.c.h; path = AppDelegate.h; sourceTree = "<group>"; };
		DEAF15A91BEB3694003BA48B /* AppDelegate.m */ = {isa = PBXFileReference; lastKnownFileType = sourcecode.c.objc; path = AppDelegate.m; sourceTree = "<group>"; };
		DEAF15AB1BEB3694003BA48B /* ViewController.h */ = {isa = PBXFileReference; lastKnownFileType = sourcecode.c.h; path = ViewController.h; sourceTree = "<group>"; };
		DEAF15AC1BEB3694003BA48B /* ViewController.m */ = {isa = PBXFileReference; lastKnownFileType = sourcecode.c.objc; path = ViewController.m; sourceTree = "<group>"; };
		DEAF15AF1BEB3694003BA48B /* Base */ = {isa = PBXFileReference; lastKnownFileType = file.storyboard; name = Base; path = Base.lproj/Main.storyboard; sourceTree = "<group>"; };
		DEAF15B11BEB3694003BA48B /* Assets.xcassets */ = {isa = PBXFileReference; lastKnownFileType = folder.assetcatalog; path = Assets.xcassets; sourceTree = "<group>"; };
		DEAF15B41BEB3694003BA48B /* Base */ = {isa = PBXFileReference; lastKnownFileType = file.storyboard; name = Base; path = Base.lproj/LaunchScreen.storyboard; sourceTree = "<group>"; };
		DEAF15B61BEB3694003BA48B /* Info.plist */ = {isa = PBXFileReference; lastKnownFileType = text.plist.xml; path = Info.plist; sourceTree = "<group>"; };
/* End PBXFileReference section */

/* Begin PBXFrameworksBuildPhase section */
		DEAF159F1BEB3694003BA48B /* Frameworks */ = {
			isa = PBXFrameworksBuildPhase;
			buildActionMask = 2147483647;
			files = (
			);
			runOnlyForDeploymentPostprocessing = 0;
		};
/* End PBXFrameworksBuildPhase section */

/* Begin PBXGroup section */
		DEAF15991BEB3693003BA48B = {
			isa = PBXGroup;
			children = (
				DEAF15A41BEB3694003BA48B /* 期末考 */,
				DEAF15A31BEB3694003BA48B /* Products */,
			);
			sourceTree = "<group>";
		};
		DEAF15A31BEB3694003BA48B /* Products */ = {
			isa = PBXGroup;
			children = (
				DEAF15A21BEB3694003BA48B /* 期末考.app */,
			);
			name = Products;
			sourceTree = "<group>";
		};
		DEAF15A41BEB3694003BA48B /* 期末考 */ = {
			isa = PBXGroup;
			children = (
				DEAF15A81BEB3694003BA48B /* AppDelegate.h */,
				DEAF15A91BEB3694003BA48B /* AppDelegate.m */,
				DEAF15AB1BEB3694003BA48B /* ViewController.h */,
				DEAF15AC1BEB3694003BA48B /* ViewController.m */,
				DEAF15AE1BEB3694003BA48B /* Main.storyboard */,
				DEAF15B11BEB3694003BA48B /* Assets.xcassets */,
				DEAF15B31BEB3694003BA48B /* LaunchScreen.storyboard */,
				DEAF15B61BEB3694003BA48B /* Info.plist */,
				DEAF15A51BEB3694003BA48B /* Supporting Files */,
			);
			path = "期末考";
			sourceTree = "<group>";
		};
		DEAF15A51BEB3694003BA48B /* Supporting Files */ = {
			isa = PBXGroup;
			children = (
				DEAF15A61BEB3694003BA48B /* main.m */,
			);
			name = "Supporting Files";
			sourceTree = "<group>";
		};
/* End PBXGroup section */

/* Begin PBXNativeTarget section */
		DEAF15A11BEB3694003BA48B /* 期末考 */ = {
			isa = PBXNativeTarget;
			buildConfigurationList = DEAF15B91BEB3694003BA48B /* Build configuration list for PBXNativeTarget "期末考" */;
			buildPhases = (
				DEAF159E1BEB3694003BA48B /* Sources */,
				DEAF159F1BEB3694003BA48B /* Frameworks */,
				DEAF15A01BEB3694003BA48B /* Resources */,
			);
			buildRules = (
			);
			dependencies = (
			);
			name = "期末考";
			productName = "期末考";
			productReference = DEAF15A21BEB3694003BA48B /* 期末考.app */;
			productType = "com.apple.product-type.application";
		};
/* End PBXNativeTarget section */

/* Begin PBXProject section */
		DEAF159A1BEB3693003BA48B /* Project object */ = {
			isa = PBXProject;
			attributes = {
				LastUpgradeCheck = 0700;
				ORGANIZATIONNAME = "鄭涵嚴";
				TargetAttributes = {
					DEAF15A11BEB3694003BA48B = {
						CreatedOnToolsVersion = 7.0.1;
					};
				};
			};
			buildConfigurationList = DEAF159D1BEB3693003BA48B /* Build configuration list for PBXProject "期末考" */;
			compatibilityVersion = "Xcode 3.2";
			developmentRegion = English;
			hasScannedForEncodings = 0;
			knownRegions = (
				en,
				Base,
			);
			mainGroup = DEAF15991BEB3693003BA48B;
			productRefGroup = DEAF15A31BEB3694003BA48B /* Products */;
			projectDirPath = "";
			projectRoot = "";
			targets = (
				DEAF15A11BEB3694003BA48B /* 期末考 */,
			);
		};
/* End PBXProject section */

/* Begin PBXResourcesBuildPhase section */
		DEAF15A01BEB3694003BA48B /* Resources */ = {
			isa = PBXResourcesBuildPhase;
			buildActionMask = 2147483647;
			files = (
				DEAF15B51BEB3694003BA48B /* LaunchScreen.storyboard in Resources */,
				DEAF15B21BEB3694003BA48B /* Assets.xcassets in Resources */,
				DEAF15B01BEB3694003BA48B /* Main.storyboard in Resources */,
			);
			runOnlyForDeploymentPostprocessing = 0;
		};
/* End PBXResourcesBuildPhase section */

/* Begin PBXSourcesBuildPhase section */
		DEAF159E1BEB3694003BA48B /* Sources */ = {
			isa = PBXSourcesBuildPhase;
			buildActionMask = 2147483647;
			files = (
				DEAF15AD1BEB3694003BA48B /* ViewController.m in Sources */,
				DEAF15AA1BEB3694003BA48B /* AppDelegate.m in Sources */,
				DEAF15A71BEB3694003BA48B /* main.m in Sources */,
			);
			runOnlyForDeploymentPostprocessing = 0;
		};
/* End PBXSourcesBuildPhase section */

/* Begin PBXVariantGroup section */
		DEAF15AE1BEB3694003BA48B /* Main.storyboard */ = {
			isa = PBXVariantGroup;
			children = (
				DEAF15AF1BEB3694003BA48B /* Base */,
			);
			name = Main.storyboard;
			sourceTree = "<group>";
		};
		DEAF15B31BEB3694003BA48B /* LaunchScreen.storyboard */ = {
			isa = PBXVariantGroup;
			children = (
				DEAF15B41BEB3694003BA48B /* Base */,
			);
			name = LaunchScreen.storyboard;
			sourceTree = "<group>";
		};
/* End PBXVariantGroup section */

/* Begin XCBuildConfiguration section */
		DEAF15B71BEB3694003BA48B /* Debug */ = {
			isa = XCBuildConfiguration;
			buildSettings = {
				ALWAYS_SEARCH_USER_PATHS = NO;
				CLANG_CXX_LANGUAGE_STANDARD = "gnu++0x";
				CLANG_CXX_LIBRARY = "libc++";
				CLANG_ENABLE_MODULES = YES;
				CLANG_ENABLE_OBJC_ARC = YES;
				CLANG_WARN_BOOL_CONVERSION = YES;
				CLANG_WARN_CONSTANT_CONVERSION = YES;
				CLANG_WARN_DIRECT_OBJC_ISA_USAGE = YES_ERROR;
				CLANG_WARN_EMPTY_BODY = YES;
				CLANG_WARN_ENUM_CONVERSION = YES;
				CLANG_WARN_INT_CONVERSION = YES;
				CLANG_WARN_OBJC_ROOT_CLASS = YES_ERROR;
				CLANG_WARN_UNREACHABLE_CODE = YES;
				CLANG_WARN__DUPLICATE_METHOD_MATCH = YES;
				"CODE_SIGN_IDENTITY[sdk=iphoneos*]" = "iPhone Developer";
				COPY_PHASE_STRIP = NO;
				DEBUG_INFORMATION_FORMAT = dwarf;
				ENABLE_STRICT_OBJC_MSGSEND = YES;
				ENABLE_TESTABILITY = YES;
				GCC_C_LANGUAGE_STANDARD = gnu99;
				GCC_DYNAMIC_NO_PIC = NO;
				GCC_NO_COMMON_BLOCKS = YES;
				GCC_OPTIMIZATION_LEVEL = 0;
				GCC_PREPROCESSOR_DEFINITIONS = (
					"DEBUG=1",
					"$(inherited)",
				);
				GCC_WARN_64_TO_32_BIT_CONVERSION = YES;
				GCC_WARN_ABOUT_RETURN_TYPE = YES_ERROR;
				GCC_WARN_UNDECLARED_SELECTOR = YES;
				GCC_WARN_UNINITIALIZED_AUTOS = YES_AGGRESSIVE;
				GCC_WARN_UNUSED_FUNCTION = YES;
				GCC_WARN_UNUSED_VARIABLE = YES;
				IPHONEOS_DEPLOYMENT_TARGET = 9.0;
				MTL_ENABLE_DEBUG_INFO = YES;
				ONLY_ACTIVE_ARCH = YES;
				SDKROOT = iphoneos;
			};
			name = Debug;
		};
		DEAF15B81BEB3694003BA48B /* Release */ = {
			isa = XCBuildConfiguration;
			buildSettings = {
				ALWAYS_SEARCH_USER_PATHS = NO;
				CLANG_CXX_LANGUAGE_STANDARD = "gnu++0x";
				CLANG_CXX_LIBRARY = "libc++";
				CLANG_ENABLE_MODULES = YES;
				CLANG_ENABLE_OBJC_ARC = YES;
				CLANG_WARN_BOOL_CONVERSION = YES;
				CLANG_WARN_CONSTANT_CONVERSION = YES;
				CLANG_WARN_DIRECT_OBJC_ISA_USAGE = YES_ERROR;
				CLANG_WARN_EMPTY_BODY = YES;
				CLANG_WARN_ENUM_CONVERSION = YES;
				CLANG_WARN_INT_CONVERSION = YES;
				CLANG_WARN_OBJC_ROOT_CLASS = YES_ERROR;
				CLANG_WARN_UNREACHABLE_CODE = YES;
				CLANG_WARN__DUPLICATE_METHOD_MATCH = YES;
				"CODE_SIGN_IDENTITY[sdk=iphoneos*]" = "iPhone Developer";
				COPY_PHASE_STRIP = NO;
				DEBUG_INFORMATION_FORMAT = "dwarf-with-dsym";
				ENABLE_NS_ASSERTIONS = NO;
				ENABLE_STRICT_OBJC_MSGSEND = YES;
				GCC_C_LANGUAGE_STANDARD = gnu99;
				GCC_NO_COMMON_BLOCKS = YES;
				GCC_WARN_64_TO_32_BIT_CONVERSION = YES;
				GCC_WARN_ABOUT_RETURN_TYPE = YES_ERROR;
				GCC_WARN_UNDECLARED_SELECTOR = YES;
				GCC_WARN_UNINITIALIZED_AUTOS = YES_AGGRESSIVE;
				GCC_WARN_UNUSED_FUNCTION = YES;
				GCC_WARN_UNUSED_VARIABLE = YES;
				IPHONEOS_DEPLOYMENT_TARGET = 9.0;
				MTL_ENABLE_DEBUG_INFO = NO;
				SDKROOT = iphoneos;
				VALIDATE_PRODUCT = YES;
			};
			name = Release;
		};
		DEAF15BA1BEB3694003BA48B /* Debug */ = {
			isa = XCBuildConfiguration;
			buildSettings = {
				ASSETCATALOG_COMPILER_APPICON_NAME = AppIcon;
				INFOPLIST_FILE = "期末考/Info.plist";
				LD_RUNPATH_SEARCH_PATHS = "$(inherited) @executable_path/Frameworks";
				PRODUCT_BUNDLE_IDENTIFIER = "AC.---";
				PRODUCT_NAME = "$(TARGET_NAME)";
			};
			name = Debug;
		};
		DEAF15BB1BEB3694003BA48B /* Release */ = {
			isa = XCBuildConfiguration;
			buildSettings = {
				ASSETCATALOG_COMPILER_APPICON_NAME = AppIcon;
				INFOPLIST_FILE = "期末考/Info.plist";
				LD_RUNPATH_SEARCH_PATHS = "$(inherited) @executable_path/Frameworks";
				PRODUCT_BUNDLE_IDENTIFIER = "AC.---";
				PRODUCT_NAME = "$(TARGET_NAME)";
			};
			name = Release;
		};
/* End XCBuildConfiguration section */

/* Begin XCConfigurationList section */
		DEAF159D1BEB3693003BA48B /* Build configuration list for PBXProject "期末考" */ = {
			isa = XCConfigurationList;
			buildConfigurations = (
				DEAF15B71BEB3694003BA48B /* Debug */,
				DEAF15B81BEB3694003BA48B /* Release */,
			);
			defaultConfigurationIsVisible = 0;
			defaultConfigurationName = Release;
		};
		DEAF15B91BEB3694003BA48B /* Build configuration list for PBXNativeTarget "期末考" */ = {
			isa = XCConfigurationList;
			buildConfigurations = (
				DEAF15BA1BEB3694003BA48B /* Debug */,
				DEAF15BB1BEB3694003BA48B /* Release */,
			);
			defaultConfigurationIsVisible = 0;
		};
/* End XCConfigurationList section */
	};
	rootObject = DEAF159A1BEB3693003BA48B /* Project object */;
}
